<Solution>
  <Project Path="ChocDino.UIFX.csproj" />
  <Project Path="RunTime.csproj" />
  <Project Path="ChocDino.UIFX.Demos.csproj" />
  <Project Path="ChocDino.UIFX.TMP.csproj" />
  <Project Path="ChocDino.UIFX.TMP.Editor.csproj" />
  <Project Path="Assembly-CSharp.csproj" />
  <Project Path="ChocDino.UIFX.Editor.csproj" />
  <Project Path="Assembly-CSharp-Editor.csproj" />
</Solution>
